
Microsoft Visual Studio Solution File, Format Version 12.00
# Visual Studio Version 17
VisualStudioVersion = 17.7.34202.233
MinimumVisualStudioVersion = 10.0.40219.1
Project("{FAE04EC0-301F-11D3-BF4B-00C04F79EFBC}") = "AppCitasSAS", "AppCitasSAS\AppCitasSAS.csproj", "{12BFB9F8-137F-45EA-A1BC-1F587D1EE1F5}"
EndProject
Project("{FAE04EC0-301F-11D3-BF4B-00C04F79EFBC}") = "DAL", "DAL\DAL.csproj", "{F17FE2F0-8012-44B3-826D-5EC850CF1E60}"
EndProject
Global
	GlobalSection(SolutionConfigurationPlatforms) = preSolution
		Debug|Any CPU = Debug|Any CPU
		Release|Any CPU = Release|Any CPU
	EndGlobalSection
	GlobalSection(ProjectConfigurationPlatforms) = postSolution
		{12BFB9F8-137F-45EA-A1BC-1F587D1EE1F5}.Debug|Any CPU.ActiveCfg = Debug|Any CPU
		{12BFB9F8-137F-45EA-A1BC-1F587D1EE1F5}.Debug|Any CPU.Build.0 = Debug|Any CPU
		{12BFB9F8-137F-45EA-A1BC-1F587D1EE1F5}.Release|Any CPU.ActiveCfg = Release|Any CPU
		{12BFB9F8-137F-45EA-A1BC-1F587D1EE1F5}.Release|Any CPU.Build.0 = Release|Any CPU
		{F17FE2F0-8012-44B3-826D-5EC850CF1E60}.Debug|Any CPU.ActiveCfg = Debug|Any CPU
		{F17FE2F0-8012-44B3-826D-5EC850CF1E60}.Debug|Any CPU.Build.0 = Debug|Any CPU
		{F17FE2F0-8012-44B3-826D-5EC850CF1E60}.Release|Any CPU.ActiveCfg = Release|Any CPU
		{F17FE2F0-8012-44B3-826D-5EC850CF1E60}.Release|Any CPU.Build.0 = Release|Any CPU
	EndGlobalSection
	GlobalSection(SolutionProperties) = preSolution
		HideSolutionNode = FALSE
	EndGlobalSection
	GlobalSection(ExtensibilityGlobals) = postSolution
		SolutionGuid = {7C74BC37-AD56-42BC-8EC9-063C775FBC8E}
	EndGlobalSection
EndGlobal
